
Microsoft Visual Studio Solution File, Format Version 12.00
# Visual Studio Version 16
VisualStudioVersion = 16.0.30907.101
MinimumVisualStudioVersion = 10.0.40219.1
Project("{FAE04EC0-301F-11D3-BF4B-00C04F79EFBC}") = "PaymentApplication.Presentation", "PaymentApplication.Presentation\PaymentApplication.Presentation.csproj", "{C801BFCC-A134-411E-BC95-08E15C2DA5DF}"
EndProject
Global
	GlobalSection(SolutionConfigurationPlatforms) = preSolution
		Debug|Any CPU = Debug|Any CPU
		Release|Any CPU = Release|Any CPU
	EndGlobalSection
	GlobalSection(ProjectConfigurationPlatforms) = postSolution
		{C801BFCC-A134-411E-BC95-08E15C2DA5DF}.Debug|Any CPU.ActiveCfg = Debug|Any CPU
		{C801BFCC-A134-411E-BC95-08E15C2DA5DF}.Debug|Any CPU.Build.0 = Debug|Any CPU
		{C801BFCC-A134-411E-BC95-08E15C2DA5DF}.Release|Any CPU.ActiveCfg = Release|Any CPU
		{C801BFCC-A134-411E-BC95-08E15C2DA5DF}.Release|Any CPU.Build.0 = Release|Any CPU
	EndGlobalSection
	GlobalSection(SolutionProperties) = preSolution
		HideSolutionNode = FALSE
	EndGlobalSection
	GlobalSection(ExtensibilityGlobals) = postSolution
		SolutionGuid = {84CA218F-A53D-4259-9147-6FF7C6041621}
	EndGlobalSection
EndGlobal
